// !$*UTF8*$!
{
	archiveVersion = 1;
	classes = {
	};
	objectVersion = 56;
	objects = {

/* Begin PBXBuildFile section */
		6571FB3A29B5452B00C3D997 /* NetworkKit.docc in Sources */ = {isa = PBXBuildFile; fileRef = 6571FB3929B5452B00C3D997 /* NetworkKit.docc */; };
		6571FB4029B5452B00C3D997 /* NetworkKit.framework in Frameworks */ = {isa = PBXBuildFile; fileRef = 6571FB3529B5452B00C3D997 /* NetworkKit.framework */; };
		6571FB4529B5452B00C3D997 /* NetworkKitTests.swift in Sources */ = {isa = PBXBuildFile; fileRef = 6571FB4429B5452B00C3D997 /* NetworkKitTests.swift */; };
		6571FB4629B5452B00C3D997 /* NetworkKit.h in Headers */ = {isa = PBXBuildFile; fileRef = 6571FB3829B5452B00C3D997 /* NetworkKit.h */; settings = {ATTRIBUTES = (Public, ); }; };
		6571FB7D29B5454A00C3D997 /* NetworkKit.swift in Sources */ = {isa = PBXBuildFile; fileRef = 6571FB7B29B5454A00C3D997 /* NetworkKit.swift */; };
		6571FB7E29B5454A00C3D997 /* AnyNetworkKit.swift in Sources */ = {isa = PBXBuildFile; fileRef = 6571FB7C29B5454A00C3D997 /* AnyNetworkKit.swift */; };
		6571FB8229B5457800C3D997 /* CoreKit.framework in Frameworks */ = {isa = PBXBuildFile; fileRef = 6571FB8129B5457800C3D997 /* CoreKit.framework */; };
		6571FB8329B5457800C3D997 /* CoreKit.framework in Embed Frameworks */ = {isa = PBXBuildFile; fileRef = 6571FB8129B5457800C3D997 /* CoreKit.framework */; settings = {ATTRIBUTES = (CodeSignOnCopy, RemoveHeadersOnCopy, ); }; };
		6571FB8729B5459000C3D997 /* Alamofire in Frameworks */ = {isa = PBXBuildFile; productRef = 6571FB8629B5459000C3D997 /* Alamofire */; };
/* End PBXBuildFile section */

/* Begin PBXContainerItemProxy section */
		6571FB4129B5452B00C3D997 /* PBXContainerItemProxy */ = {
			isa = PBXContainerItemProxy;
			containerPortal = 6571FB2C29B5452B00C3D997 /* Project object */;
			proxyType = 1;
			remoteGlobalIDString = 6571FB3429B5452B00C3D997;
			remoteInfo = NetworkKit;
		};
/* End PBXContainerItemProxy section */

/* Begin PBXCopyFilesBuildPhase section */
		6571FB8429B5457800C3D997 /* Embed Frameworks */ = {
			isa = PBXCopyFilesBuildPhase;
			buildActionMask = 2147483647;
			dstPath = "";
			dstSubfolderSpec = 10;
			files = (
				6571FB8329B5457800C3D997 /* CoreKit.framework in Embed Frameworks */,
			);
			name = "Embed Frameworks";
			runOnlyForDeploymentPostprocessing = 0;
		};
/* End PBXCopyFilesBuildPhase section */

/* Begin PBXFileReference section */
		6571FB3529B5452B00C3D997 /* NetworkKit.framework */ = {isa = PBXFileReference; explicitFileType = wrapper.framework; includeInIndex = 0; path = NetworkKit.framework; sourceTree = BUILT_PRODUCTS_DIR; };
		6571FB3829B5452B00C3D997 /* NetworkKit.h */ = {isa = PBXFileReference; lastKnownFileType = sourcecode.c.h; path = NetworkKit.h; sourceTree = "<group>"; };
		6571FB3929B5452B00C3D997 /* NetworkKit.docc */ = {isa = PBXFileReference; lastKnownFileType = folder.documentationcatalog; path = NetworkKit.docc; sourceTree = "<group>"; };
		6571FB3F29B5452B00C3D997 /* NetworkKitTests.xctest */ = {isa = PBXFileReference; explicitFileType = wrapper.cfbundle; includeInIndex = 0; path = NetworkKitTests.xctest; sourceTree = BUILT_PRODUCTS_DIR; };
		6571FB4429B5452B00C3D997 /* NetworkKitTests.swift */ = {isa = PBXFileReference; lastKnownFileType = sourcecode.swift; path = NetworkKitTests.swift; sourceTree = "<group>"; };
		6571FB7B29B5454A00C3D997 /* NetworkKit.swift */ = {isa = PBXFileReference; fileEncoding = 4; lastKnownFileType = sourcecode.swift; path = NetworkKit.swift; sourceTree = "<group>"; };
		6571FB7C29B5454A00C3D997 /* AnyNetworkKit.swift */ = {isa = PBXFileReference; fileEncoding = 4; lastKnownFileType = sourcecode.swift; path = AnyNetworkKit.swift; sourceTree = "<group>"; };
		6571FB8129B5457800C3D997 /* CoreKit.framework */ = {isa = PBXFileReference; explicitFileType = wrapper.framework; path = CoreKit.framework; sourceTree = BUILT_PRODUCTS_DIR; };
/* End PBXFileReference section */

/* Begin PBXFrameworksBuildPhase section */
		6571FB3229B5452B00C3D997 /* Frameworks */ = {
			isa = PBXFrameworksBuildPhase;
			buildActionMask = 2147483647;
			files = (
				6571FB8229B5457800C3D997 /* CoreKit.framework in Frameworks */,
				6571FB8729B5459000C3D997 /* Alamofire in Frameworks */,
			);
			runOnlyForDeploymentPostprocessing = 0;
		};
		6571FB3C29B5452B00C3D997 /* Frameworks */ = {
			isa = PBXFrameworksBuildPhase;
			buildActionMask = 2147483647;
			files = (
				6571FB4029B5452B00C3D997 /* NetworkKit.framework in Frameworks */,
			);
			runOnlyForDeploymentPostprocessing = 0;
		};
/* End PBXFrameworksBuildPhase section */

/* Begin PBXGroup section */
		6571FB2B29B5452B00C3D997 = {
			isa = PBXGroup;
			children = (
				6571FB3729B5452B00C3D997 /* NetworkKit */,
				6571FB4329B5452B00C3D997 /* NetworkKitTests */,
				6571FB3629B5452B00C3D997 /* Products */,
				6571FB8029B5457800C3D997 /* Frameworks */,
			);
			sourceTree = "<group>";
		};
		6571FB3629B5452B00C3D997 /* Products */ = {
			isa = PBXGroup;
			children = (
				6571FB3529B5452B00C3D997 /* NetworkKit.framework */,
				6571FB3F29B5452B00C3D997 /* NetworkKitTests.xctest */,
			);
			name = Products;
			sourceTree = "<group>";
		};
		6571FB3729B5452B00C3D997 /* NetworkKit */ = {
			isa = PBXGroup;
			children = (
				6571FB7A29B5454A00C3D997 /* Kit */,
				6571FB3829B5452B00C3D997 /* NetworkKit.h */,
				6571FB3929B5452B00C3D997 /* NetworkKit.docc */,
			);
			path = NetworkKit;
			sourceTree = "<group>";
		};
		6571FB4329B5452B00C3D997 /* NetworkKitTests */ = {
			isa = PBXGroup;
			children = (
				6571FB4429B5452B00C3D997 /* NetworkKitTests.swift */,
			);
			path = NetworkKitTests;
			sourceTree = "<group>";
		};
		6571FB7A29B5454A00C3D997 /* Kit */ = {
			isa = PBXGroup;
			children = (
				6571FB7B29B5454A00C3D997 /* NetworkKit.swift */,
				6571FB7C29B5454A00C3D997 /* AnyNetworkKit.swift */,
			);
			path = Kit;
			sourceTree = "<group>";
		};
		6571FB8029B5457800C3D997 /* Frameworks */ = {
			isa = PBXGroup;
			children = (
				6571FB8129B5457800C3D997 /* CoreKit.framework */,
			);
			name = Frameworks;
			sourceTree = "<group>";
		};
/* End PBXGroup section */

/* Begin PBXHeadersBuildPhase section */
		6571FB3029B5452B00C3D997 /* Headers */ = {
			isa = PBXHeadersBuildPhase;
			buildActionMask = 2147483647;
			files = (
				6571FB4629B5452B00C3D997 /* NetworkKit.h in Headers */,
			);
			runOnlyForDeploymentPostprocessing = 0;
		};
/* End PBXHeadersBuildPhase section */

/* Begin PBXNativeTarget section */
		6571FB3429B5452B00C3D997 /* NetworkKit */ = {
			isa = PBXNativeTarget;
			buildConfigurationList = 6571FB4929B5452B00C3D997 /* Build configuration list for PBXNativeTarget "NetworkKit" */;
			buildPhases = (
				6571FB3029B5452B00C3D997 /* Headers */,
				6571FB3129B5452B00C3D997 /* Sources */,
				6571FB3229B5452B00C3D997 /* Frameworks */,
				6571FB3329B5452B00C3D997 /* Resources */,
				6571FB8429B5457800C3D997 /* Embed Frameworks */,
			);
			buildRules = (
			);
			dependencies = (
			);
			name = NetworkKit;
			packageProductDependencies = (
				6571FB8629B5459000C3D997 /* Alamofire */,
			);
			productName = NetworkKit;
			productReference = 6571FB3529B5452B00C3D997 /* NetworkKit.framework */;
			productType = "com.apple.product-type.framework";
		};
		6571FB3E29B5452B00C3D997 /* NetworkKitTests */ = {
			isa = PBXNativeTarget;
			buildConfigurationList = 6571FB4C29B5452B00C3D997 /* Build configuration list for PBXNativeTarget "NetworkKitTests" */;
			buildPhases = (
				6571FB3B29B5452B00C3D997 /* Sources */,
				6571FB3C29B5452B00C3D997 /* Frameworks */,
				6571FB3D29B5452B00C3D997 /* Resources */,
			);
			buildRules = (
			);
			dependencies = (
				6571FB4229B5452B00C3D997 /* PBXTargetDependency */,
			);
			name = NetworkKitTests;
			productName = NetworkKitTests;
			productReference = 6571FB3F29B5452B00C3D997 /* NetworkKitTests.xctest */;
			productType = "com.apple.product-type.bundle.unit-test";
		};
/* End PBXNativeTarget section */

/* Begin PBXProject section */
		6571FB2C29B5452B00C3D997 /* Project object */ = {
			isa = PBXProject;
			attributes = {
				BuildIndependentTargetsInParallel = 1;
				LastSwiftUpdateCheck = 1420;
				LastUpgradeCheck = 1420;
				TargetAttributes = {
					6571FB3429B5452B00C3D997 = {
						CreatedOnToolsVersion = 14.2;
					};
					6571FB3E29B5452B00C3D997 = {
						CreatedOnToolsVersion = 14.2;
					};
				};
			};
			buildConfigurationList = 6571FB2F29B5452B00C3D997 /* Build configuration list for PBXProject "NetworkKit" */;
			compatibilityVersion = "Xcode 14.0";
			developmentRegion = en;
			hasScannedForEncodings = 0;
			knownRegions = (
				en,
				Base,
			);
			mainGroup = 6571FB2B29B5452B00C3D997;
			packageReferences = (
				6571FB8529B5459000C3D997 /* XCRemoteSwiftPackageReference "Alamofire" */,
			);
			productRefGroup = 6571FB3629B5452B00C3D997 /* Products */;
			projectDirPath = "";
			projectRoot = "";
			targets = (
				6571FB3429B5452B00C3D997 /* NetworkKit */,
				6571FB3E29B5452B00C3D997 /* NetworkKitTests */,
			);
		};
/* End PBXProject section */

/* Begin PBXResourcesBuildPhase section */
		6571FB3329B5452B00C3D997 /* Resources */ = {
			isa = PBXResourcesBuildPhase;
			buildActionMask = 2147483647;
			files = (
			);
			runOnlyForDeploymentPostprocessing = 0;
		};
		6571FB3D29B5452B00C3D997 /* Resources */ = {
			isa = PBXResourcesBuildPhase;
			buildActionMask = 2147483647;
			files = (
			);
			runOnlyForDeploymentPostprocessing = 0;
		};
/* End PBXResourcesBuildPhase section */

/* Begin PBXSourcesBuildPhase section */
		6571FB3129B5452B00C3D997 /* Sources */ = {
			isa = PBXSourcesBuildPhase;
			buildActionMask = 2147483647;
			files = (
				6571FB3A29B5452B00C3D997 /* NetworkKit.docc in Sources */,
				6571FB7E29B5454A00C3D997 /* AnyNetworkKit.swift in Sources */,
				6571FB7D29B5454A00C3D997 /* NetworkKit.swift in Sources */,
			);
			runOnlyForDeploymentPostprocessing = 0;
		};
		6571FB3B29B5452B00C3D997 /* Sources */ = {
			isa = PBXSourcesBuildPhase;
			buildActionMask = 2147483647;
			files = (
				6571FB4529B5452B00C3D997 /* NetworkKitTests.swift in Sources */,
			);
			runOnlyForDeploymentPostprocessing = 0;
		};
/* End PBXSourcesBuildPhase section */

/* Begin PBXTargetDependency section */
		6571FB4229B5452B00C3D997 /* PBXTargetDependency */ = {
			isa = PBXTargetDependency;
			target = 6571FB3429B5452B00C3D997 /* NetworkKit */;
			targetProxy = 6571FB4129B5452B00C3D997 /* PBXContainerItemProxy */;
		};
/* End PBXTargetDependency section */

/* Begin XCBuildConfiguration section */
		6571FB4729B5452B00C3D997 /* Debug */ = {
			isa = XCBuildConfiguration;
			buildSettings = {
				ALWAYS_SEARCH_USER_PATHS = NO;
				CLANG_ANALYZER_NONNULL = YES;
				CLANG_ANALYZER_NUMBER_OBJECT_CONVERSION = YES_AGGRESSIVE;
				CLANG_CXX_LANGUAGE_STANDARD = "gnu++20";
				CLANG_ENABLE_MODULES = YES;
				CLANG_ENABLE_OBJC_ARC = YES;
				CLANG_ENABLE_OBJC_WEAK = YES;
				CLANG_WARN_BLOCK_CAPTURE_AUTORELEASING = YES;
				CLANG_WARN_BOOL_CONVERSION = YES;
				CLANG_WARN_COMMA = YES;
				CLANG_WARN_CONSTANT_CONVERSION = YES;
				CLANG_WARN_DEPRECATED_OBJC_IMPLEMENTATIONS = YES;
				CLANG_WARN_DIRECT_OBJC_ISA_USAGE = YES_ERROR;
				CLANG_WARN_DOCUMENTATION_COMMENTS = YES;
				CLANG_WARN_EMPTY_BODY = YES;
				CLANG_WARN_ENUM_CONVERSION = YES;
				CLANG_WARN_INFINITE_RECURSION = YES;
				CLANG_WARN_INT_CONVERSION = YES;
				CLANG_WARN_NON_LITERAL_NULL_CONVERSION = YES;
				CLANG_WARN_OBJC_IMPLICIT_RETAIN_SELF = YES;
				CLANG_WARN_OBJC_LITERAL_CONVERSION = YES;
				CLANG_WARN_OBJC_ROOT_CLASS = YES_ERROR;
				CLANG_WARN_QUOTED_INCLUDE_IN_FRAMEWORK_HEADER = YES;
				CLANG_WARN_RANGE_LOOP_ANALYSIS = YES;
				CLANG_WARN_STRICT_PROTOTYPES = YES;
				CLANG_WARN_SUSPICIOUS_MOVE = YES;
				CLANG_WARN_UNGUARDED_AVAILABILITY = YES_AGGRESSIVE;
				CLANG_WARN_UNREACHABLE_CODE = YES;
				CLANG_WARN__DUPLICATE_METHOD_MATCH = YES;
				COPY_PHASE_STRIP = NO;
				CURRENT_PROJECT_VERSION = 1;
				DEBUG_INFORMATION_FORMAT = dwarf;
				ENABLE_STRICT_OBJC_MSGSEND = YES;
				ENABLE_TESTABILITY = YES;
				GCC_C_LANGUAGE_STANDARD = gnu11;
				GCC_DYNAMIC_NO_PIC = NO;
				GCC_NO_COMMON_BLOCKS = YES;
				GCC_OPTIMIZATION_LEVEL = 0;
				GCC_PREPROCESSOR_DEFINITIONS = (
					"DEBUG=1",
					"$(inherited)",
				);
				GCC_WARN_64_TO_32_BIT_CONVERSION = YES;
				GCC_WARN_ABOUT_RETURN_TYPE = YES_ERROR;
				GCC_WARN_UNDECLARED_SELECTOR = YES;
				GCC_WARN_UNINITIALIZED_AUTOS = YES_AGGRESSIVE;
				GCC_WARN_UNUSED_FUNCTION = YES;
				GCC_WARN_UNUSED_VARIABLE = YES;
				IPHONEOS_DEPLOYMENT_TARGET = 16.2;
				MTL_ENABLE_DEBUG_INFO = INCLUDE_SOURCE;
				MTL_FAST_MATH = YES;
				ONLY_ACTIVE_ARCH = YES;
				SDKROOT = iphoneos;
				SWIFT_ACTIVE_COMPILATION_CONDITIONS = DEBUG;
				SWIFT_OPTIMIZATION_LEVEL = "-Onone";
				VERSIONING_SYSTEM = "apple-generic";
				VERSION_INFO_PREFIX = "";
			};
			name = Debug;
		};
		6571FB4829B5452B00C3D997 /* Release */ = {
			isa = XCBuildConfiguration;
			buildSettings = {
				ALWAYS_SEARCH_USER_PATHS = NO;
				CLANG_ANALYZER_NONNULL = YES;
				CLANG_ANALYZER_NUMBER_OBJECT_CONVERSION = YES_AGGRESSIVE;
				CLANG_CXX_LANGUAGE_STANDARD = "gnu++20";
				CLANG_ENABLE_MODULES = YES;
				CLANG_ENABLE_OBJC_ARC = YES;
				CLANG_ENABLE_OBJC_WEAK = YES;
				CLANG_WARN_BLOCK_CAPTURE_AUTORELEASING = YES;
				CLANG_WARN_BOOL_CONVERSION = YES;
				CLANG_WARN_COMMA = YES;
				CLANG_WARN_CONSTANT_CONVERSION = YES;
				CLANG_WARN_DEPRECATED_OBJC_IMPLEMENTATIONS = YES;
				CLANG_WARN_DIRECT_OBJC_ISA_USAGE = YES_ERROR;
				CLANG_WARN_DOCUMENTATION_COMMENTS = YES;
				CLANG_WARN_EMPTY_BODY = YES;
				CLANG_WARN_ENUM_CONVERSION = YES;
				CLANG_WARN_INFINITE_RECURSION = YES;
				CLANG_WARN_INT_CONVERSION = YES;
				CLANG_WARN_NON_LITERAL_NULL_CONVERSION = YES;
				CLANG_WARN_OBJC_IMPLICIT_RETAIN_SELF = YES;
				CLANG_WARN_OBJC_LITERAL_CONVERSION = YES;
				CLANG_WARN_OBJC_ROOT_CLASS = YES_ERROR;
				CLANG_WARN_QUOTED_INCLUDE_IN_FRAMEWORK_HEADER = YES;
				CLANG_WARN_RANGE_LOOP_ANALYSIS = YES;
				CLANG_WARN_STRICT_PROTOTYPES = YES;
				CLANG_WARN_SUSPICIOUS_MOVE = YES;
				CLANG_WARN_UNGUARDED_AVAILABILITY = YES_AGGRESSIVE;
				CLANG_WARN_UNREACHABLE_CODE = YES;
				CLANG_WARN__DUPLICATE_METHOD_MATCH = YES;
				COPY_PHASE_STRIP = NO;
				CURRENT_PROJECT_VERSION = 1;
				DEBUG_INFORMATION_FORMAT = "dwarf-with-dsym";
				ENABLE_NS_ASSERTIONS = NO;
				ENABLE_STRICT_OBJC_MSGSEND = YES;
				GCC_C_LANGUAGE_STANDARD = gnu11;
				GCC_NO_COMMON_BLOCKS = YES;
				GCC_WARN_64_TO_32_BIT_CONVERSION = YES;
				GCC_WARN_ABOUT_RETURN_TYPE = YES_ERROR;
				GCC_WARN_UNDECLARED_SELECTOR = YES;
				GCC_WARN_UNINITIALIZED_AUTOS = YES_AGGRESSIVE;
				GCC_WARN_UNUSED_FUNCTION = YES;
				GCC_WARN_UNUSED_VARIABLE = YES;
				IPHONEOS_DEPLOYMENT_TARGET = 16.2;
				MTL_ENABLE_DEBUG_INFO = NO;
				MTL_FAST_MATH = YES;
				SDKROOT = iphoneos;
				SWIFT_COMPILATION_MODE = wholemodule;
				SWIFT_OPTIMIZATION_LEVEL = "-O";
				VALIDATE_PRODUCT = YES;
				VERSIONING_SYSTEM = "apple-generic";
				VERSION_INFO_PREFIX = "";
			};
			name = Release;
		};
		6571FB4A29B5452B00C3D997 /* Debug */ = {
			isa = XCBuildConfiguration;
			buildSettings = {
				CODE_SIGN_STYLE = Automatic;
				CURRENT_PROJECT_VERSION = 1;
				DEFINES_MODULE = YES;
				DEVELOPMENT_TEAM = UUB7XUTT6S;
				DYLIB_COMPATIBILITY_VERSION = 1;
				DYLIB_CURRENT_VERSION = 1;
				DYLIB_INSTALL_NAME_BASE = "@rpath";
				GENERATE_INFOPLIST_FILE = YES;
				INFOPLIST_KEY_NSHumanReadableCopyright = "";
				INSTALL_PATH = "$(LOCAL_LIBRARY_DIR)/Frameworks";
				LD_RUNPATH_SEARCH_PATHS = (
					"$(inherited)",
					"@executable_path/Frameworks",
					"@loader_path/Frameworks",
				);
				MARKETING_VERSION = 1.0;
				PRODUCT_BUNDLE_IDENTIFIER = com.ferhatiltas.NetworkKit;
				PRODUCT_NAME = "$(TARGET_NAME:c99extidentifier)";
				SKIP_INSTALL = YES;
				SWIFT_EMIT_LOC_STRINGS = YES;
				SWIFT_VERSION = 5.0;
				TARGETED_DEVICE_FAMILY = "1,2";
			};
			name = Debug;
		};
		6571FB4B29B5452B00C3D997 /* Release */ = {
			isa = XCBuildConfiguration;
			buildSettings = {
				CODE_SIGN_STYLE = Automatic;
				CURRENT_PROJECT_VERSION = 1;
				DEFINES_MODULE = YES;
				DEVELOPMENT_TEAM = UUB7XUTT6S;
				DYLIB_COMPATIBILITY_VERSION = 1;
				DYLIB_CURRENT_VERSION = 1;
				DYLIB_INSTALL_NAME_BASE = "@rpath";
				GENERATE_INFOPLIST_FILE = YES;
				INFOPLIST_KEY_NSHumanReadableCopyright = "";
				INSTALL_PATH = "$(LOCAL_LIBRARY_DIR)/Frameworks";
				LD_RUNPATH_SEARCH_PATHS = (
					"$(inherited)",
					"@executable_path/Frameworks",
					"@loader_path/Frameworks",
				);
				MARKETING_VERSION = 1.0;
				PRODUCT_BUNDLE_IDENTIFIER = com.ferhatiltas.NetworkKit;
				PRODUCT_NAME = "$(TARGET_NAME:c99extidentifier)";
				SKIP_INSTALL = YES;
				SWIFT_EMIT_LOC_STRINGS = YES;
				SWIFT_VERSION = 5.0;
				TARGETED_DEVICE_FAMILY = "1,2";
			};
			name = Release;
		};
		6571FB4D29B5452B00C3D997 /* Debug */ = {
			isa = XCBuildConfiguration;
			buildSettings = {
				ALWAYS_EMBED_SWIFT_STANDARD_LIBRARIES = YES;
				CODE_SIGN_STYLE = Automatic;
				CURRENT_PROJECT_VERSION = 1;
				DEVELOPMENT_TEAM = UUB7XUTT6S;
				GENERATE_INFOPLIST_FILE = YES;
				MARKETING_VERSION = 1.0;
				PRODUCT_BUNDLE_IDENTIFIER = com.ferhatiltas.NetworkKitTests;
				PRODUCT_NAME = "$(TARGET_NAME)";
				SWIFT_EMIT_LOC_STRINGS = NO;
				SWIFT_VERSION = 5.0;
				TARGETED_DEVICE_FAMILY = "1,2";
			};
			name = Debug;
		};
		6571FB4E29B5452B00C3D997 /* Release */ = {
			isa = XCBuildConfiguration;
			buildSettings = {
				ALWAYS_EMBED_SWIFT_STANDARD_LIBRARIES = YES;
				CODE_SIGN_STYLE = Automatic;
				CURRENT_PROJECT_VERSION = 1;
				DEVELOPMENT_TEAM = UUB7XUTT6S;
				GENERATE_INFOPLIST_FILE = YES;
				MARKETING_VERSION = 1.0;
				PRODUCT_BUNDLE_IDENTIFIER = com.ferhatiltas.NetworkKitTests;
				PRODUCT_NAME = "$(TARGET_NAME)";
				SWIFT_EMIT_LOC_STRINGS = NO;
				SWIFT_VERSION = 5.0;
				TARGETED_DEVICE_FAMILY = "1,2";
			};
			name = Release;
		};
/* End XCBuildConfiguration section */

/* Begin XCConfigurationList section */
		6571FB2F29B5452B00C3D997 /* Build configuration list for PBXProject "NetworkKit" */ = {
			isa = XCConfigurationList;
			buildConfigurations = (
				6571FB4729B5452B00C3D997 /* Debug */,
				6571FB4829B5452B00C3D997 /* Release */,
			);
			defaultConfigurationIsVisible = 0;
			defaultConfigurationName = Release;
		};
		6571FB4929B5452B00C3D997 /* Build configuration list for PBXNativeTarget "NetworkKit" */ = {
			isa = XCConfigurationList;
			buildConfigurations = (
				6571FB4A29B5452B00C3D997 /* Debug */,
				6571FB4B29B5452B00C3D997 /* Release */,
			);
			defaultConfigurationIsVisible = 0;
			defaultConfigurationName = Release;
		};
		6571FB4C29B5452B00C3D997 /* Build configuration list for PBXNativeTarget "NetworkKitTests" */ = {
			isa = XCConfigurationList;
			buildConfigurations = (
				6571FB4D29B5452B00C3D997 /* Debug */,
				6571FB4E29B5452B00C3D997 /* Release */,
			);
			defaultConfigurationIsVisible = 0;
			defaultConfigurationName = Release;
		};
/* End XCConfigurationList section */

/* Begin XCRemoteSwiftPackageReference section */
		6571FB8529B5459000C3D997 /* XCRemoteSwiftPackageReference "Alamofire" */ = {
			isa = XCRemoteSwiftPackageReference;
			repositoryURL = "https://github.com/Alamofire/Alamofire.git";
			requirement = {
				branch = master;
				kind = branch;
			};
		};
/* End XCRemoteSwiftPackageReference section */

/* Begin XCSwiftPackageProductDependency section */
		6571FB8629B5459000C3D997 /* Alamofire */ = {
			isa = XCSwiftPackageProductDependency;
			package = 6571FB8529B5459000C3D997 /* XCRemoteSwiftPackageReference "Alamofire" */;
			productName = Alamofire;
		};
/* End XCSwiftPackageProductDependency section */
	};
	rootObject = 6571FB2C29B5452B00C3D997 /* Project object */;
}
